{
    "version": 3,
    "terraform_version": "0.11.7",
    "serial": 8,
    "lineage": "14b7d48f-20d8-0877-e6e4-e08c1ec4ed42",
    "modules": [
        {
            "path": [
                "root"
            ],
            "outputs": {},
            "resources": {
                "azurerm_network_security_group.rg-dwp-sbox-wa-dwk-core__nsg-dwp-sbox-wa-dwk-fe01": {
                    "type": "azurerm_network_security_group",
                    "depends_on": [],
                    "primary": {
                        "id": "/subscriptions/632d724b-7fe7-4e63-9fc8-ccc21d9aa13d/resourceGroups/rg-dwp-sbox-wa-dwk-core/providers/Microsoft.Network/networkSecurityGroups/nsg-dwp-sbox-wa-dwk-fe01",
                        "attributes": {
                            "id": "/subscriptions/632d724b-7fe7-4e63-9fc8-ccc21d9aa13d/resourceGroups/rg-dwp-sbox-wa-dwk-core/providers/Microsoft.Network/networkSecurityGroups/nsg-dwp-sbox-wa-dwk-fe01",
                            "location": "uksouth",
                            "name": "nsg-dwp-sbox-wa-dwk-fe01",
                            "resource_group_name": "rg-dwp-sbox-wa-dwk-core",
                            "security_rule.#": "1",
                            "security_rule.4032005230.access": "Deny",
                            "security_rule.4032005230.description": "ASC JIT Network Access rule for policy 'default' of VM 'vm-mytest1'.",
                            "security_rule.4032005230.destination_address_prefix": "10.88.128.4",
                            "security_rule.4032005230.destination_address_prefixes.#": "0",
                            "security_rule.4032005230.destination_application_security_group_ids.#": "0",
                            "security_rule.4032005230.destination_port_range": "22",
                            "security_rule.4032005230.destination_port_ranges.#": "0",
                            "security_rule.4032005230.direction": "Inbound",
                            "security_rule.4032005230.name": "SecurityCenter-JITRule_-838343494_2A2380183DD74A759135DB6C37DBFBD4",
                            "security_rule.4032005230.priority": "1000",
                            "security_rule.4032005230.protocol": "*",
                            "security_rule.4032005230.source_address_prefix": "*",
                            "security_rule.4032005230.source_address_prefixes.#": "0",
                            "security_rule.4032005230.source_application_security_group_ids.#": "0",
                            "security_rule.4032005230.source_port_range": "*",
                            "security_rule.4032005230.source_port_ranges.#": "0",
                            "tags.%": "5",
                            "tags.commissionedDate": "",
                            "tags.department": "WA-DWK",
                            "tags.environmentIdentifier": "SBOX",
                            "tags.environmentVersion": "NOTSET",
                            "tags.serviceOwner": ""
                        },
                        "meta": {},
                        "tainted": false
                    },
                    "deposed": [],
                    "provider": "provider.azurerm"
                },
                "azurerm_resource_group.rg-at-01": {
                    "type": "azurerm_resource_group",
                    "depends_on": [],
                    "primary": {
                        "id": "/subscriptions/632d724b-7fe7-4e63-9fc8-ccc21d9aa13d/resourceGroups/rg-at-01",
                        "attributes": {
                            "id": "/subscriptions/632d724b-7fe7-4e63-9fc8-ccc21d9aa13d/resourceGroups/rg-at-01",
                            "location": "uksouth",
                            "name": "rg-at-01",
                            "tags.%": "0"
                        },
                        "meta": {},
                        "tainted": false
                    },
                    "deposed": [],
                    "provider": "provider.azurerm"
                },
                "azurerm_route_table.rg-dwp-sbox-wa-dwk-core__udr-dwp-sbox-wa-dwk-fe01": {
                    "type": "azurerm_route_table",
                    "depends_on": [],
                    "primary": {
                        "id": "/subscriptions/632d724b-7fe7-4e63-9fc8-ccc21d9aa13d/resourceGroups/rg-dwp-sbox-wa-dwk-core/providers/Microsoft.Network/routeTables/udr-dwp-sbox-wa-dwk-fe01",
                        "attributes": {
                            "id": "/subscriptions/632d724b-7fe7-4e63-9fc8-ccc21d9aa13d/resourceGroups/rg-dwp-sbox-wa-dwk-core/providers/Microsoft.Network/routeTables/udr-dwp-sbox-wa-dwk-fe01",
                            "location": "uksouth",
                            "name": "udr-dwp-sbox-wa-dwk-fe01",
                            "resource_group_name": "rg-dwp-sbox-wa-dwk-core",
                            "route.#": "2",
                            "route.0.address_prefix": "10.86.146.96/28",
                            "route.0.name": "route_to_sub-dwp-prd-ss-core-fw-waf-in",
                            "route.0.next_hop_in_ip_address": "10.86.146.69",
                            "route.0.next_hop_type": "VirtualAppliance",
                            "route.1.address_prefix": "0.0.0.0/0",
                            "route.1.name": "route_to_internet",
                            "route.1.next_hop_in_ip_address": "",
                            "route.1.next_hop_type": "Internet",
                            "subnets.#": "1",
                            "subnets.2235870707": "/subscriptions/632d724b-7fe7-4e63-9fc8-ccc21d9aa13d/resourceGroups/rg-dwp-sbox-wa-dwk-core/providers/Microsoft.Network/virtualNetworks/vnet-dwp-sbox-wa-dwk-core/subnets/sub-dwp-sbox-wa-dwk-fe01",
                            "tags.%": "5",
                            "tags.commissionedDate": "",
                            "tags.department": "WA-DWK",
                            "tags.environmentIdentifier": "SBOX",
                            "tags.environmentVersion": "NOTSET",
                            "tags.serviceOwner": ""
                        },
                        "meta": {},
                        "tainted": false
                    },
                    "deposed": [],
                    "provider": "provider.azurerm"
                },
                "azurerm_subnet.rg-dwp-sbox-wa-dwk-core__sub-dwp-sbox-wa-dwk-fe01": {
                    "type": "azurerm_subnet",
                    "depends_on": [],
                    "primary": {
                        "id": "/subscriptions/632d724b-7fe7-4e63-9fc8-ccc21d9aa13d/resourceGroups/rg-dwp-sbox-wa-dwk-core/providers/Microsoft.Network/virtualNetworks/vnet-dwp-sbox-wa-dwk-core/subnets/sub-dwp-sbox-wa-dwk-fe01",
                        "attributes": {
                            "address_prefix": "10.88.128.0/24",
                            "id": "/subscriptions/632d724b-7fe7-4e63-9fc8-ccc21d9aa13d/resourceGroups/rg-dwp-sbox-wa-dwk-core/providers/Microsoft.Network/virtualNetworks/vnet-dwp-sbox-wa-dwk-core/subnets/sub-dwp-sbox-wa-dwk-fe01",
                            "ip_configurations.#": "1",
                            "ip_configurations.565823592": "/subscriptions/632d724b-7fe7-4e63-9fc8-ccc21d9aa13d/resourceGroups/rg-mytest/providers/Microsoft.Network/networkInterfaces/vm-mytest1353/ipConfigurations/ipconfig1",
                            "name": "sub-dwp-sbox-wa-dwk-fe01",
                            "network_security_group_id": "/subscriptions/632d724b-7fe7-4e63-9fc8-ccc21d9aa13d/resourceGroups/rg-dwp-sbox-wa-dwk-core/providers/Microsoft.Network/networkSecurityGroups/nsg-dwp-sbox-wa-dwk-fe01",
                            "resource_group_name": "rg-dwp-sbox-wa-dwk-core",
                            "route_table_id": "/subscriptions/632d724b-7fe7-4e63-9fc8-ccc21d9aa13d/resourceGroups/rg-dwp-sbox-wa-dwk-core/providers/Microsoft.Network/routeTables/udr-dwp-sbox-wa-dwk-fe01",
                            "service_endpoints.#": "2",
                            "service_endpoints.0": "Microsoft.Storage",
                            "service_endpoints.1": "Microsoft.Sql",
                            "virtual_network_name": "vnet-dwp-sbox-wa-dwk-core"
                        },
                        "meta": {},
                        "tainted": false
                    },
                    "deposed": [],
                    "provider": "provider.azurerm"
                }
            },
            "depends_on": []
        }
    ]
}
